
Microsoft Visual Studio Solution File, Format Version 12.00
# Visual Studio Version 17
VisualStudioVersion = 17.0.31903.59
MinimumVisualStudioVersion = 10.0.40219.1
Project("{2150E333-8FDC-42A3-9474-1A3956D46DE8}") = "C#", "C#", "{81F682C2-7C8A-41F3-B473-110C0EF57AC1}"
EndProject
Project("{FAE04EC0-301F-11D3-BF4B-00C04F79EFBC}") = "ChooseYourAdventure", "C#\ChooseYourAdventure\ChooseYourAdventure.csproj", "{BB0606EE-A27F-4690-A58F-BC2A4075031A}"
EndProject
Global
	GlobalSection(SolutionConfigurationPlatforms) = preSolution
		Debug|Any CPU = Debug|Any CPU
		Release|Any CPU = Release|Any CPU
	EndGlobalSection
	GlobalSection(SolutionProperties) = preSolution
		HideSolutionNode = FALSE
	EndGlobalSection
	GlobalSection(ProjectConfigurationPlatforms) = postSolution
		{BB0606EE-A27F-4690-A58F-BC2A4075031A}.Debug|Any CPU.ActiveCfg = Debug|Any CPU
		{BB0606EE-A27F-4690-A58F-BC2A4075031A}.Debug|Any CPU.Build.0 = Debug|Any CPU
		{BB0606EE-A27F-4690-A58F-BC2A4075031A}.Release|Any CPU.ActiveCfg = Release|Any CPU
		{BB0606EE-A27F-4690-A58F-BC2A4075031A}.Release|Any CPU.Build.0 = Release|Any CPU
	EndGlobalSection
	GlobalSection(NestedProjects) = preSolution
		{BB0606EE-A27F-4690-A58F-BC2A4075031A} = {81F682C2-7C8A-41F3-B473-110C0EF57AC1}
	EndGlobalSection
EndGlobal
